
Microsoft Visual Studio Solution File, Format Version 12.00
Project("{FAE04EC0-301F-11D3-BF4B-00C04F79EFBC}") = "StreamerScreen", "StreamerScreen\StreamerScreen.csproj", "{1E28A668-3A2D-43CD-849E-69D29FB1196D}"
EndProject
Global
	GlobalSection(SolutionConfigurationPlatforms) = preSolution
		Debug|Any CPU = Debug|Any CPU
		Release|Any CPU = Release|Any CPU
	EndGlobalSection
	GlobalSection(ProjectConfigurationPlatforms) = postSolution
		{1E28A668-3A2D-43CD-849E-69D29FB1196D}.Debug|Any CPU.ActiveCfg = Debug|Any CPU
		{1E28A668-3A2D-43CD-849E-69D29FB1196D}.Debug|Any CPU.Build.0 = Debug|Any CPU
		{1E28A668-3A2D-43CD-849E-69D29FB1196D}.Release|Any CPU.ActiveCfg = Release|Any CPU
		{1E28A668-3A2D-43CD-849E-69D29FB1196D}.Release|Any CPU.Build.0 = Release|Any CPU
	EndGlobalSection
EndGlobal
